// !$*UTF8*$!
{
	archiveVersion = 1;
	classes = {
	};
	objectVersion = 55;
	objects = {

/* Begin PBXBuildFile section */
		0A420E8429B7972200FB10A2 /* MovieLoginView.swift in Sources */ = {isa = PBXBuildFile; fileRef = 0A420E8229B7972200FB10A2 /* MovieLoginView.swift */; };
		0A420E8529B7972200FB10A2 /* MovieLoginView.xib in Resources */ = {isa = PBXBuildFile; fileRef = 0A420E8329B7972200FB10A2 /* MovieLoginView.xib */; };
		0A420E8729B7973500FB10A2 /* MovieLoginInteractor.swift in Sources */ = {isa = PBXBuildFile; fileRef = 0A420E8629B7973500FB10A2 /* MovieLoginInteractor.swift */; };
		0A420E8929B7974B00FB10A2 /* MovieLoginPresenter.swift in Sources */ = {isa = PBXBuildFile; fileRef = 0A420E8829B7974B00FB10A2 /* MovieLoginPresenter.swift */; };
		0A420E8B29B7975700FB10A2 /* MovieLoginRouter.swift in Sources */ = {isa = PBXBuildFile; fileRef = 0A420E8A29B7975700FB10A2 /* MovieLoginRouter.swift */; };
		0A420E9129B7B67C00FB10A2 /* LoginRepository.swift in Sources */ = {isa = PBXBuildFile; fileRef = 0A420E9029B7B67C00FB10A2 /* LoginRepository.swift */; };
		0A420E9329B7B72400FB10A2 /* MovieLoginEntity.swift in Sources */ = {isa = PBXBuildFile; fileRef = 0A420E9229B7B72400FB10A2 /* MovieLoginEntity.swift */; };
		0A420E9529B7B83900FB10A2 /* Constants.swift in Sources */ = {isa = PBXBuildFile; fileRef = 0A420E9429B7B83900FB10A2 /* Constants.swift */; };
		0A420E9829B7E2D600FB10A2 /* MovieListView.swift in Sources */ = {isa = PBXBuildFile; fileRef = 0A420E9629B7E2D600FB10A2 /* MovieListView.swift */; };
		0A420E9B29B7E32C00FB10A2 /* MovieListInteractor.swift in Sources */ = {isa = PBXBuildFile; fileRef = 0A420E9A29B7E32C00FB10A2 /* MovieListInteractor.swift */; };
		0A420E9D29B7E33D00FB10A2 /* MovieListPresenter.swift in Sources */ = {isa = PBXBuildFile; fileRef = 0A420E9C29B7E33D00FB10A2 /* MovieListPresenter.swift */; };
		0A420E9F29B7E34A00FB10A2 /* MovieListEntity.swift in Sources */ = {isa = PBXBuildFile; fileRef = 0A420E9E29B7E34A00FB10A2 /* MovieListEntity.swift */; };
		0A420EA129B7E35400FB10A2 /* MovieListRouter.swift in Sources */ = {isa = PBXBuildFile; fileRef = 0A420EA029B7E35400FB10A2 /* MovieListRouter.swift */; };
		0A420EA629B7F68100FB10A2 /* Extension+ViewController.swift in Sources */ = {isa = PBXBuildFile; fileRef = 0A420EA529B7F68100FB10A2 /* Extension+ViewController.swift */; };
		0A420EA929B8433600FB10A2 /* MovieListTableViewCell.swift in Sources */ = {isa = PBXBuildFile; fileRef = 0A420EA729B8433600FB10A2 /* MovieListTableViewCell.swift */; };
		0A420EAA29B8433600FB10A2 /* MovieListTableViewCell.xib in Resources */ = {isa = PBXBuildFile; fileRef = 0A420EA829B8433600FB10A2 /* MovieListTableViewCell.xib */; };
		0A911A0C29B9092600C0805B /* NetworkCheck.swift in Sources */ = {isa = PBXBuildFile; fileRef = 0A911A0B29B9092600C0805B /* NetworkCheck.swift */; };
		0A911A0E29B91B3200C0805B /* CoreDataRepository.swift in Sources */ = {isa = PBXBuildFile; fileRef = 0A911A0D29B91B3200C0805B /* CoreDataRepository.swift */; };
		0AD2C04629B78D9F007FB753 /* AppDelegate.swift in Sources */ = {isa = PBXBuildFile; fileRef = 0AD2C04529B78D9F007FB753 /* AppDelegate.swift */; };
		0AD2C05029B78D9F007FB753 /* TheMovieDBChallenge.xcdatamodeld in Sources */ = {isa = PBXBuildFile; fileRef = 0AD2C04E29B78D9F007FB753 /* TheMovieDBChallenge.xcdatamodeld */; };
		0AD2C05229B78DA0007FB753 /* Assets.xcassets in Resources */ = {isa = PBXBuildFile; fileRef = 0AD2C05129B78DA0007FB753 /* Assets.xcassets */; };
		0AD2C05529B78DA0007FB753 /* LaunchScreen.storyboard in Resources */ = {isa = PBXBuildFile; fileRef = 0AD2C05329B78DA0007FB753 /* LaunchScreen.storyboard */; };
		0AD2C06029B78DA0007FB753 /* TheMovieDBChallengeTests.swift in Sources */ = {isa = PBXBuildFile; fileRef = 0AD2C05F29B78DA0007FB753 /* TheMovieDBChallengeTests.swift */; };
		0AD2C06A29B78DA0007FB753 /* TheMovieDBChallengeUITests.swift in Sources */ = {isa = PBXBuildFile; fileRef = 0AD2C06929B78DA0007FB753 /* TheMovieDBChallengeUITests.swift */; };
		0AD2C06C29B78DA0007FB753 /* TheMovieDBChallengeUITestsLaunchTests.swift in Sources */ = {isa = PBXBuildFile; fileRef = 0AD2C06B29B78DA0007FB753 /* TheMovieDBChallengeUITestsLaunchTests.swift */; };
		0AF8C11A29B856A0006D6685 /* MovieDetailViewController.swift in Sources */ = {isa = PBXBuildFile; fileRef = 0AF8C11829B856A0006D6685 /* MovieDetailViewController.swift */; };
		0AF8C11B29B856A0006D6685 /* MovieDetailViewController.xib in Resources */ = {isa = PBXBuildFile; fileRef = 0AF8C11929B856A0006D6685 /* MovieDetailViewController.xib */; };
		0AF8C11D29B856C0006D6685 /* MovieDetailInteractor.swift in Sources */ = {isa = PBXBuildFile; fileRef = 0AF8C11C29B856C0006D6685 /* MovieDetailInteractor.swift */; };
		0AF8C11F29B856CC006D6685 /* MovieDetailPresenter.swift in Sources */ = {isa = PBXBuildFile; fileRef = 0AF8C11E29B856CC006D6685 /* MovieDetailPresenter.swift */; };
		0AF8C12129B856D3006D6685 /* MovieDetailEntity.swift in Sources */ = {isa = PBXBuildFile; fileRef = 0AF8C12029B856D3006D6685 /* MovieDetailEntity.swift */; };
		0AF8C12329B856DC006D6685 /* MovieDetailRouter.swift in Sources */ = {isa = PBXBuildFile; fileRef = 0AF8C12229B856DC006D6685 /* MovieDetailRouter.swift */; };
		0AF8C12529B8D7D5006D6685 /* MovieRepository.swift in Sources */ = {isa = PBXBuildFile; fileRef = 0AF8C12429B8D7D5006D6685 /* MovieRepository.swift */; };
		1385983BC9B5A86972083C4B /* Pods_TheMovieDBChallengeTests.framework in Frameworks */ = {isa = PBXBuildFile; fileRef = 7F7D2792D51DBB195E40581B /* Pods_TheMovieDBChallengeTests.framework */; };
		2D77BC449966C7C24DA1CB8D /* Pods_TheMovieDBChallenge.framework in Frameworks */ = {isa = PBXBuildFile; fileRef = 2F5FD5CF1B4F1D51573E79AB /* Pods_TheMovieDBChallenge.framework */; };
		764D458205A81743C5F3568B /* Pods_TheMovieDBChallenge_TheMovieDBChallengeUITests.framework in Frameworks */ = {isa = PBXBuildFile; fileRef = CCB5206A991115410EE1B0BB /* Pods_TheMovieDBChallenge_TheMovieDBChallengeUITests.framework */; };
/* End PBXBuildFile section */

/* Begin PBXContainerItemProxy section */
		0AD2C05C29B78DA0007FB753 /* PBXContainerItemProxy */ = {
			isa = PBXContainerItemProxy;
			containerPortal = 0AD2C03A29B78D9F007FB753 /* Project object */;
			proxyType = 1;
			remoteGlobalIDString = 0AD2C04129B78D9F007FB753;
			remoteInfo = TheMovieDBChallenge;
		};
		0AD2C06629B78DA0007FB753 /* PBXContainerItemProxy */ = {
			isa = PBXContainerItemProxy;
			containerPortal = 0AD2C03A29B78D9F007FB753 /* Project object */;
			proxyType = 1;
			remoteGlobalIDString = 0AD2C04129B78D9F007FB753;
			remoteInfo = TheMovieDBChallenge;
		};
/* End PBXContainerItemProxy section */

/* Begin PBXFileReference section */
		0A420E8229B7972200FB10A2 /* MovieLoginView.swift */ = {isa = PBXFileReference; lastKnownFileType = sourcecode.swift; path = MovieLoginView.swift; sourceTree = "<group>"; };
		0A420E8329B7972200FB10A2 /* MovieLoginView.xib */ = {isa = PBXFileReference; lastKnownFileType = file.xib; path = MovieLoginView.xib; sourceTree = "<group>"; };
		0A420E8629B7973500FB10A2 /* MovieLoginInteractor.swift */ = {isa = PBXFileReference; lastKnownFileType = sourcecode.swift; path = MovieLoginInteractor.swift; sourceTree = "<group>"; };
		0A420E8829B7974B00FB10A2 /* MovieLoginPresenter.swift */ = {isa = PBXFileReference; lastKnownFileType = sourcecode.swift; path = MovieLoginPresenter.swift; sourceTree = "<group>"; };
		0A420E8A29B7975700FB10A2 /* MovieLoginRouter.swift */ = {isa = PBXFileReference; lastKnownFileType = sourcecode.swift; path = MovieLoginRouter.swift; sourceTree = "<group>"; };
		0A420E9029B7B67C00FB10A2 /* LoginRepository.swift */ = {isa = PBXFileReference; lastKnownFileType = sourcecode.swift; path = LoginRepository.swift; sourceTree = "<group>"; };
		0A420E9229B7B72400FB10A2 /* MovieLoginEntity.swift */ = {isa = PBXFileReference; lastKnownFileType = sourcecode.swift; path = MovieLoginEntity.swift; sourceTree = "<group>"; };
		0A420E9429B7B83900FB10A2 /* Constants.swift */ = {isa = PBXFileReference; lastKnownFileType = sourcecode.swift; path = Constants.swift; sourceTree = "<group>"; };
		0A420E9629B7E2D600FB10A2 /* MovieListView.swift */ = {isa = PBXFileReference; lastKnownFileType = sourcecode.swift; path = MovieListView.swift; sourceTree = "<group>"; };
		0A420E9A29B7E32C00FB10A2 /* MovieListInteractor.swift */ = {isa = PBXFileReference; lastKnownFileType = sourcecode.swift; path = MovieListInteractor.swift; sourceTree = "<group>"; };
		0A420E9C29B7E33D00FB10A2 /* MovieListPresenter.swift */ = {isa = PBXFileReference; lastKnownFileType = sourcecode.swift; path = MovieListPresenter.swift; sourceTree = "<group>"; };
		0A420E9E29B7E34A00FB10A2 /* MovieListEntity.swift */ = {isa = PBXFileReference; lastKnownFileType = sourcecode.swift; path = MovieListEntity.swift; sourceTree = "<group>"; };
		0A420EA029B7E35400FB10A2 /* MovieListRouter.swift */ = {isa = PBXFileReference; lastKnownFileType = sourcecode.swift; path = MovieListRouter.swift; sourceTree = "<group>"; };
		0A420EA529B7F68100FB10A2 /* Extension+ViewController.swift */ = {isa = PBXFileReference; lastKnownFileType = sourcecode.swift; path = "Extension+ViewController.swift"; sourceTree = "<group>"; };
		0A420EA729B8433600FB10A2 /* MovieListTableViewCell.swift */ = {isa = PBXFileReference; lastKnownFileType = sourcecode.swift; path = MovieListTableViewCell.swift; sourceTree = "<group>"; };
		0A420EA829B8433600FB10A2 /* MovieListTableViewCell.xib */ = {isa = PBXFileReference; lastKnownFileType = file.xib; path = MovieListTableViewCell.xib; sourceTree = "<group>"; };
		0A911A0B29B9092600C0805B /* NetworkCheck.swift */ = {isa = PBXFileReference; lastKnownFileType = sourcecode.swift; path = NetworkCheck.swift; sourceTree = "<group>"; };
		0A911A0D29B91B3200C0805B /* CoreDataRepository.swift */ = {isa = PBXFileReference; lastKnownFileType = sourcecode.swift; path = CoreDataRepository.swift; sourceTree = "<group>"; };
		0AD2C04229B78D9F007FB753 /* TheMovieDBChallenge.app */ = {isa = PBXFileReference; explicitFileType = wrapper.application; includeInIndex = 0; path = TheMovieDBChallenge.app; sourceTree = BUILT_PRODUCTS_DIR; };
		0AD2C04529B78D9F007FB753 /* AppDelegate.swift */ = {isa = PBXFileReference; lastKnownFileType = sourcecode.swift; path = AppDelegate.swift; sourceTree = "<group>"; };
		0AD2C04F29B78D9F007FB753 /* TheMovieDBChallenge.xcdatamodel */ = {isa = PBXFileReference; lastKnownFileType = wrapper.xcdatamodel; path = TheMovieDBChallenge.xcdatamodel; sourceTree = "<group>"; };
		0AD2C05129B78DA0007FB753 /* Assets.xcassets */ = {isa = PBXFileReference; lastKnownFileType = folder.assetcatalog; path = Assets.xcassets; sourceTree = "<group>"; };
		0AD2C05429B78DA0007FB753 /* Base */ = {isa = PBXFileReference; lastKnownFileType = file.storyboard; name = Base; path = Base.lproj/LaunchScreen.storyboard; sourceTree = "<group>"; };
		0AD2C05629B78DA0007FB753 /* Info.plist */ = {isa = PBXFileReference; lastKnownFileType = text.plist.xml; path = Info.plist; sourceTree = "<group>"; };
		0AD2C05B29B78DA0007FB753 /* TheMovieDBChallengeTests.xctest */ = {isa = PBXFileReference; explicitFileType = wrapper.cfbundle; includeInIndex = 0; path = TheMovieDBChallengeTests.xctest; sourceTree = BUILT_PRODUCTS_DIR; };
		0AD2C05F29B78DA0007FB753 /* TheMovieDBChallengeTests.swift */ = {isa = PBXFileReference; lastKnownFileType = sourcecode.swift; path = TheMovieDBChallengeTests.swift; sourceTree = "<group>"; };
		0AD2C06529B78DA0007FB753 /* TheMovieDBChallengeUITests.xctest */ = {isa = PBXFileReference; explicitFileType = wrapper.cfbundle; includeInIndex = 0; path = TheMovieDBChallengeUITests.xctest; sourceTree = BUILT_PRODUCTS_DIR; };
		0AD2C06929B78DA0007FB753 /* TheMovieDBChallengeUITests.swift */ = {isa = PBXFileReference; lastKnownFileType = sourcecode.swift; path = TheMovieDBChallengeUITests.swift; sourceTree = "<group>"; };
		0AD2C06B29B78DA0007FB753 /* TheMovieDBChallengeUITestsLaunchTests.swift */ = {isa = PBXFileReference; lastKnownFileType = sourcecode.swift; path = TheMovieDBChallengeUITestsLaunchTests.swift; sourceTree = "<group>"; };
		0AF8C11829B856A0006D6685 /* MovieDetailViewController.swift */ = {isa = PBXFileReference; lastKnownFileType = sourcecode.swift; path = MovieDetailViewController.swift; sourceTree = "<group>"; };
		0AF8C11929B856A0006D6685 /* MovieDetailViewController.xib */ = {isa = PBXFileReference; lastKnownFileType = file.xib; path = MovieDetailViewController.xib; sourceTree = "<group>"; };
		0AF8C11C29B856C0006D6685 /* MovieDetailInteractor.swift */ = {isa = PBXFileReference; lastKnownFileType = sourcecode.swift; path = MovieDetailInteractor.swift; sourceTree = "<group>"; };
		0AF8C11E29B856CC006D6685 /* MovieDetailPresenter.swift */ = {isa = PBXFileReference; lastKnownFileType = sourcecode.swift; path = MovieDetailPresenter.swift; sourceTree = "<group>"; };
		0AF8C12029B856D3006D6685 /* MovieDetailEntity.swift */ = {isa = PBXFileReference; lastKnownFileType = sourcecode.swift; path = MovieDetailEntity.swift; sourceTree = "<group>"; };
		0AF8C12229B856DC006D6685 /* MovieDetailRouter.swift */ = {isa = PBXFileReference; lastKnownFileType = sourcecode.swift; path = MovieDetailRouter.swift; sourceTree = "<group>"; };
		0AF8C12429B8D7D5006D6685 /* MovieRepository.swift */ = {isa = PBXFileReference; lastKnownFileType = sourcecode.swift; path = MovieRepository.swift; sourceTree = "<group>"; };
		223E4A9D5CD396F4E081D3E2 /* Pods-TheMovieDBChallenge.debug.xcconfig */ = {isa = PBXFileReference; includeInIndex = 1; lastKnownFileType = text.xcconfig; name = "Pods-TheMovieDBChallenge.debug.xcconfig"; path = "Target Support Files/Pods-TheMovieDBChallenge/Pods-TheMovieDBChallenge.debug.xcconfig"; sourceTree = "<group>"; };
		2F5FD5CF1B4F1D51573E79AB /* Pods_TheMovieDBChallenge.framework */ = {isa = PBXFileReference; explicitFileType = wrapper.framework; includeInIndex = 0; path = Pods_TheMovieDBChallenge.framework; sourceTree = BUILT_PRODUCTS_DIR; };
		62E0A237E4AF7BF9E011DFA6 /* Pods-TheMovieDBChallengeTests.release.xcconfig */ = {isa = PBXFileReference; includeInIndex = 1; lastKnownFileType = text.xcconfig; name = "Pods-TheMovieDBChallengeTests.release.xcconfig"; path = "Target Support Files/Pods-TheMovieDBChallengeTests/Pods-TheMovieDBChallengeTests.release.xcconfig"; sourceTree = "<group>"; };
		7AF2EA0A9634CA0A6183274E /* Pods-TheMovieDBChallengeTests.debug.xcconfig */ = {isa = PBXFileReference; includeInIndex = 1; lastKnownFileType = text.xcconfig; name = "Pods-TheMovieDBChallengeTests.debug.xcconfig"; path = "Target Support Files/Pods-TheMovieDBChallengeTests/Pods-TheMovieDBChallengeTests.debug.xcconfig"; sourceTree = "<group>"; };
		7F7D2792D51DBB195E40581B /* Pods_TheMovieDBChallengeTests.framework */ = {isa = PBXFileReference; explicitFileType = wrapper.framework; includeInIndex = 0; path = Pods_TheMovieDBChallengeTests.framework; sourceTree = BUILT_PRODUCTS_DIR; };
		89ECAD67C3EDA5B1AC9C6D3A /* Pods-TheMovieDBChallenge-TheMovieDBChallengeUITests.release.xcconfig */ = {isa = PBXFileReference; includeInIndex = 1; lastKnownFileType = text.xcconfig; name = "Pods-TheMovieDBChallenge-TheMovieDBChallengeUITests.release.xcconfig"; path = "Target Support Files/Pods-TheMovieDBChallenge-TheMovieDBChallengeUITests/Pods-TheMovieDBChallenge-TheMovieDBChallengeUITests.release.xcconfig"; sourceTree = "<group>"; };
		CCB5206A991115410EE1B0BB /* Pods_TheMovieDBChallenge_TheMovieDBChallengeUITests.framework */ = {isa = PBXFileReference; explicitFileType = wrapper.framework; includeInIndex = 0; path = Pods_TheMovieDBChallenge_TheMovieDBChallengeUITests.framework; sourceTree = BUILT_PRODUCTS_DIR; };
		D70E7696B3D89AD2016CC07D /* Pods-TheMovieDBChallenge.release.xcconfig */ = {isa = PBXFileReference; includeInIndex = 1; lastKnownFileType = text.xcconfig; name = "Pods-TheMovieDBChallenge.release.xcconfig"; path = "Target Support Files/Pods-TheMovieDBChallenge/Pods-TheMovieDBChallenge.release.xcconfig"; sourceTree = "<group>"; };
		E2840283D0A407C6D74D5182 /* Pods-TheMovieDBChallenge-TheMovieDBChallengeUITests.debug.xcconfig */ = {isa = PBXFileReference; includeInIndex = 1; lastKnownFileType = text.xcconfig; name = "Pods-TheMovieDBChallenge-TheMovieDBChallengeUITests.debug.xcconfig"; path = "Target Support Files/Pods-TheMovieDBChallenge-TheMovieDBChallengeUITests/Pods-TheMovieDBChallenge-TheMovieDBChallengeUITests.debug.xcconfig"; sourceTree = "<group>"; };
/* End PBXFileReference section */

/* Begin PBXFrameworksBuildPhase section */
		0AD2C03F29B78D9F007FB753 /* Frameworks */ = {
			isa = PBXFrameworksBuildPhase;
			buildActionMask = 2147483647;
			files = (
				2D77BC449966C7C24DA1CB8D /* Pods_TheMovieDBChallenge.framework in Frameworks */,
			);
			runOnlyForDeploymentPostprocessing = 0;
		};
		0AD2C05829B78DA0007FB753 /* Frameworks */ = {
			isa = PBXFrameworksBuildPhase;
			buildActionMask = 2147483647;
			files = (
				1385983BC9B5A86972083C4B /* Pods_TheMovieDBChallengeTests.framework in Frameworks */,
			);
			runOnlyForDeploymentPostprocessing = 0;
		};
		0AD2C06229B78DA0007FB753 /* Frameworks */ = {
			isa = PBXFrameworksBuildPhase;
			buildActionMask = 2147483647;
			files = (
				764D458205A81743C5F3568B /* Pods_TheMovieDBChallenge_TheMovieDBChallengeUITests.framework in Frameworks */,
			);
			runOnlyForDeploymentPostprocessing = 0;
		};
/* End PBXFrameworksBuildPhase section */

/* Begin PBXGroup section */
		0A420E7C29B7958B00FB10A2 /* Gateway */ = {
			isa = PBXGroup;
			children = (
				0A420E9029B7B67C00FB10A2 /* LoginRepository.swift */,
				0AF8C12429B8D7D5006D6685 /* MovieRepository.swift */,
				0A911A0D29B91B3200C0805B /* CoreDataRepository.swift */,
			);
			path = Gateway;
			sourceTree = "<group>";
		};
		0A420E7D29B7959600FB10A2 /* SupportFiles */ = {
			isa = PBXGroup;
			children = (
				0AD2C04529B78D9F007FB753 /* AppDelegate.swift */,
				0A420E9429B7B83900FB10A2 /* Constants.swift */,
				0A911A0B29B9092600C0805B /* NetworkCheck.swift */,
			);
			path = SupportFiles;
			sourceTree = "<group>";
		};
		0A420E7E29B795A600FB10A2 /* Modules */ = {
			isa = PBXGroup;
			children = (
				0A420E7F29B7964E00FB10A2 /* MovieLogin */,
				0A420E8029B7965900FB10A2 /* MovieList */,
				0A420E8129B7966300FB10A2 /* MovieDetail */,
			);
			path = Modules;
			sourceTree = "<group>";
		};
		0A420E7F29B7964E00FB10A2 /* MovieLogin */ = {
			isa = PBXGroup;
			children = (
				0A420E8229B7972200FB10A2 /* MovieLoginView.swift */,
				0A420E8329B7972200FB10A2 /* MovieLoginView.xib */,
				0A420E8629B7973500FB10A2 /* MovieLoginInteractor.swift */,
				0A420E8829B7974B00FB10A2 /* MovieLoginPresenter.swift */,
				0A420E9229B7B72400FB10A2 /* MovieLoginEntity.swift */,
				0A420E8A29B7975700FB10A2 /* MovieLoginRouter.swift */,
			);
			path = MovieLogin;
			sourceTree = "<group>";
		};
		0A420E8029B7965900FB10A2 /* MovieList */ = {
			isa = PBXGroup;
			children = (
				0A420EAB29B8433C00FB10A2 /* Cells */,
				0A420E9629B7E2D600FB10A2 /* MovieListView.swift */,
				0A420E9A29B7E32C00FB10A2 /* MovieListInteractor.swift */,
				0A420E9C29B7E33D00FB10A2 /* MovieListPresenter.swift */,
				0A420E9E29B7E34A00FB10A2 /* MovieListEntity.swift */,
				0A420EA029B7E35400FB10A2 /* MovieListRouter.swift */,
			);
			path = MovieList;
			sourceTree = "<group>";
		};
		0A420E8129B7966300FB10A2 /* MovieDetail */ = {
			isa = PBXGroup;
			children = (
				0AF8C11829B856A0006D6685 /* MovieDetailViewController.swift */,
				0AF8C11929B856A0006D6685 /* MovieDetailViewController.xib */,
				0AF8C11C29B856C0006D6685 /* MovieDetailInteractor.swift */,
				0AF8C11E29B856CC006D6685 /* MovieDetailPresenter.swift */,
				0AF8C12029B856D3006D6685 /* MovieDetailEntity.swift */,
				0AF8C12229B856DC006D6685 /* MovieDetailRouter.swift */,
			);
			path = MovieDetail;
			sourceTree = "<group>";
		};
		0A420EA429B7F65600FB10A2 /* Extensions */ = {
			isa = PBXGroup;
			children = (
				0A420EA529B7F68100FB10A2 /* Extension+ViewController.swift */,
			);
			path = Extensions;
			sourceTree = "<group>";
		};
		0A420EAB29B8433C00FB10A2 /* Cells */ = {
			isa = PBXGroup;
			children = (
				0A420EA729B8433600FB10A2 /* MovieListTableViewCell.swift */,
				0A420EA829B8433600FB10A2 /* MovieListTableViewCell.xib */,
			);
			path = Cells;
			sourceTree = "<group>";
		};
		0AD2C03929B78D9F007FB753 = {
			isa = PBXGroup;
			children = (
				0AD2C04429B78D9F007FB753 /* TheMovieDBChallenge */,
				0AD2C05E29B78DA0007FB753 /* TheMovieDBChallengeTests */,
				0AD2C06829B78DA0007FB753 /* TheMovieDBChallengeUITests */,
				0AD2C04329B78D9F007FB753 /* Products */,
				40C2DC94ECDE4313C8294824 /* Pods */,
				469BFD94D5CB1B3548F88C83 /* Frameworks */,
			);
			sourceTree = "<group>";
		};
		0AD2C04329B78D9F007FB753 /* Products */ = {
			isa = PBXGroup;
			children = (
				0AD2C04229B78D9F007FB753 /* TheMovieDBChallenge.app */,
				0AD2C05B29B78DA0007FB753 /* TheMovieDBChallengeTests.xctest */,
				0AD2C06529B78DA0007FB753 /* TheMovieDBChallengeUITests.xctest */,
			);
			name = Products;
			sourceTree = "<group>";
		};
		0AD2C04429B78D9F007FB753 /* TheMovieDBChallenge */ = {
			isa = PBXGroup;
			children = (
				0A420EA429B7F65600FB10A2 /* Extensions */,
				0A420E7C29B7958B00FB10A2 /* Gateway */,
				0A420E7D29B7959600FB10A2 /* SupportFiles */,
				0A420E7E29B795A600FB10A2 /* Modules */,
				0AD2C05129B78DA0007FB753 /* Assets.xcassets */,
				0AD2C05329B78DA0007FB753 /* LaunchScreen.storyboard */,
				0AD2C05629B78DA0007FB753 /* Info.plist */,
				0AD2C04E29B78D9F007FB753 /* TheMovieDBChallenge.xcdatamodeld */,
			);
			path = TheMovieDBChallenge;
			sourceTree = "<group>";
		};
		0AD2C05E29B78DA0007FB753 /* TheMovieDBChallengeTests */ = {
			isa = PBXGroup;
			children = (
				0AD2C05F29B78DA0007FB753 /* TheMovieDBChallengeTests.swift */,
			);
			path = TheMovieDBChallengeTests;
			sourceTree = "<group>";
		};
		0AD2C06829B78DA0007FB753 /* TheMovieDBChallengeUITests */ = {
			isa = PBXGroup;
			children = (
				0AD2C06929B78DA0007FB753 /* TheMovieDBChallengeUITests.swift */,
				0AD2C06B29B78DA0007FB753 /* TheMovieDBChallengeUITestsLaunchTests.swift */,
			);
			path = TheMovieDBChallengeUITests;
			sourceTree = "<group>";
		};
		40C2DC94ECDE4313C8294824 /* Pods */ = {
			isa = PBXGroup;
			children = (
				223E4A9D5CD396F4E081D3E2 /* Pods-TheMovieDBChallenge.debug.xcconfig */,
				D70E7696B3D89AD2016CC07D /* Pods-TheMovieDBChallenge.release.xcconfig */,
				E2840283D0A407C6D74D5182 /* Pods-TheMovieDBChallenge-TheMovieDBChallengeUITests.debug.xcconfig */,
				89ECAD67C3EDA5B1AC9C6D3A /* Pods-TheMovieDBChallenge-TheMovieDBChallengeUITests.release.xcconfig */,
				7AF2EA0A9634CA0A6183274E /* Pods-TheMovieDBChallengeTests.debug.xcconfig */,
				62E0A237E4AF7BF9E011DFA6 /* Pods-TheMovieDBChallengeTests.release.xcconfig */,
			);
			path = Pods;
			sourceTree = "<group>";
		};
		469BFD94D5CB1B3548F88C83 /* Frameworks */ = {
			isa = PBXGroup;
			children = (
				2F5FD5CF1B4F1D51573E79AB /* Pods_TheMovieDBChallenge.framework */,
				CCB5206A991115410EE1B0BB /* Pods_TheMovieDBChallenge_TheMovieDBChallengeUITests.framework */,
				7F7D2792D51DBB195E40581B /* Pods_TheMovieDBChallengeTests.framework */,
			);
			name = Frameworks;
			sourceTree = "<group>";
		};
/* End PBXGroup section */

/* Begin PBXNativeTarget section */
		0AD2C04129B78D9F007FB753 /* TheMovieDBChallenge */ = {
			isa = PBXNativeTarget;
			buildConfigurationList = 0AD2C06F29B78DA0007FB753 /* Build configuration list for PBXNativeTarget "TheMovieDBChallenge" */;
			buildPhases = (
				FD9290AC7BDF87A36F4EDAD8 /* [CP] Check Pods Manifest.lock */,
				0AD2C03E29B78D9F007FB753 /* Sources */,
				0AD2C03F29B78D9F007FB753 /* Frameworks */,
				0AD2C04029B78D9F007FB753 /* Resources */,
				9685F12D462E4753F95DBC4F /* [CP] Embed Pods Frameworks */,
			);
			buildRules = (
			);
			dependencies = (
			);
			name = TheMovieDBChallenge;
			productName = TheMovieDBChallenge;
			productReference = 0AD2C04229B78D9F007FB753 /* TheMovieDBChallenge.app */;
			productType = "com.apple.product-type.application";
		};
		0AD2C05A29B78DA0007FB753 /* TheMovieDBChallengeTests */ = {
			isa = PBXNativeTarget;
			buildConfigurationList = 0AD2C07229B78DA0007FB753 /* Build configuration list for PBXNativeTarget "TheMovieDBChallengeTests" */;
			buildPhases = (
				E158FC00887D12D991C0DBA9 /* [CP] Check Pods Manifest.lock */,
				0AD2C05729B78DA0007FB753 /* Sources */,
				0AD2C05829B78DA0007FB753 /* Frameworks */,
				0AD2C05929B78DA0007FB753 /* Resources */,
			);
			buildRules = (
			);
			dependencies = (
				0AD2C05D29B78DA0007FB753 /* PBXTargetDependency */,
			);
			name = TheMovieDBChallengeTests;
			productName = TheMovieDBChallengeTests;
			productReference = 0AD2C05B29B78DA0007FB753 /* TheMovieDBChallengeTests.xctest */;
			productType = "com.apple.product-type.bundle.unit-test";
		};
		0AD2C06429B78DA0007FB753 /* TheMovieDBChallengeUITests */ = {
			isa = PBXNativeTarget;
			buildConfigurationList = 0AD2C07529B78DA0007FB753 /* Build configuration list for PBXNativeTarget "TheMovieDBChallengeUITests" */;
			buildPhases = (
				FB2E8946D03F9D6F82598665 /* [CP] Check Pods Manifest.lock */,
				0AD2C06129B78DA0007FB753 /* Sources */,
				0AD2C06229B78DA0007FB753 /* Frameworks */,
				0AD2C06329B78DA0007FB753 /* Resources */,
				417EA6D1468263D505D7E2E2 /* [CP] Embed Pods Frameworks */,
			);
			buildRules = (
			);
			dependencies = (
				0AD2C06729B78DA0007FB753 /* PBXTargetDependency */,
			);
			name = TheMovieDBChallengeUITests;
			productName = TheMovieDBChallengeUITests;
			productReference = 0AD2C06529B78DA0007FB753 /* TheMovieDBChallengeUITests.xctest */;
			productType = "com.apple.product-type.bundle.ui-testing";
		};
/* End PBXNativeTarget section */

/* Begin PBXProject section */
		0AD2C03A29B78D9F007FB753 /* Project object */ = {
			isa = PBXProject;
			attributes = {
				BuildIndependentTargetsInParallel = 1;
				LastSwiftUpdateCheck = 1410;
				LastUpgradeCheck = 1410;
				TargetAttributes = {
					0AD2C04129B78D9F007FB753 = {
						CreatedOnToolsVersion = 14.1;
					};
					0AD2C05A29B78DA0007FB753 = {
						CreatedOnToolsVersion = 14.1;
						TestTargetID = 0AD2C04129B78D9F007FB753;
					};
					0AD2C06429B78DA0007FB753 = {
						CreatedOnToolsVersion = 14.1;
						TestTargetID = 0AD2C04129B78D9F007FB753;
					};
				};
			};
			buildConfigurationList = 0AD2C03D29B78D9F007FB753 /* Build configuration list for PBXProject "TheMovieDBChallenge" */;
			compatibilityVersion = "Xcode 13.0";
			developmentRegion = en;
			hasScannedForEncodings = 0;
			knownRegions = (
				en,
				Base,
			);
			mainGroup = 0AD2C03929B78D9F007FB753;
			productRefGroup = 0AD2C04329B78D9F007FB753 /* Products */;
			projectDirPath = "";
			projectRoot = "";
			targets = (
				0AD2C04129B78D9F007FB753 /* TheMovieDBChallenge */,
				0AD2C05A29B78DA0007FB753 /* TheMovieDBChallengeTests */,
				0AD2C06429B78DA0007FB753 /* TheMovieDBChallengeUITests */,
			);
		};
/* End PBXProject section */

/* Begin PBXResourcesBuildPhase section */
		0AD2C04029B78D9F007FB753 /* Resources */ = {
			isa = PBXResourcesBuildPhase;
			buildActionMask = 2147483647;
			files = (
				0AF8C11B29B856A0006D6685 /* MovieDetailViewController.xib in Resources */,
				0AD2C05529B78DA0007FB753 /* LaunchScreen.storyboard in Resources */,
				0AD2C05229B78DA0007FB753 /* Assets.xcassets in Resources */,
				0A420EAA29B8433600FB10A2 /* MovieListTableViewCell.xib in Resources */,
				0A420E8529B7972200FB10A2 /* MovieLoginView.xib in Resources */,
			);
			runOnlyForDeploymentPostprocessing = 0;
		};
		0AD2C05929B78DA0007FB753 /* Resources */ = {
			isa = PBXResourcesBuildPhase;
			buildActionMask = 2147483647;
			files = (
			);
			runOnlyForDeploymentPostprocessing = 0;
		};
		0AD2C06329B78DA0007FB753 /* Resources */ = {
			isa = PBXResourcesBuildPhase;
			buildActionMask = 2147483647;
			files = (
			);
			runOnlyForDeploymentPostprocessing = 0;
		};
/* End PBXResourcesBuildPhase section */

/* Begin PBXShellScriptBuildPhase section */
		417EA6D1468263D505D7E2E2 /* [CP] Embed Pods Frameworks */ = {
			isa = PBXShellScriptBuildPhase;
			buildActionMask = 2147483647;
			files = (
			);
			inputFileListPaths = (
				"${PODS_ROOT}/Target Support Files/Pods-TheMovieDBChallenge-TheMovieDBChallengeUITests/Pods-TheMovieDBChallenge-TheMovieDBChallengeUITests-frameworks-${CONFIGURATION}-input-files.xcfilelist",
			);
			name = "[CP] Embed Pods Frameworks";
			outputFileListPaths = (
				"${PODS_ROOT}/Target Support Files/Pods-TheMovieDBChallenge-TheMovieDBChallengeUITests/Pods-TheMovieDBChallenge-TheMovieDBChallengeUITests-frameworks-${CONFIGURATION}-output-files.xcfilelist",
			);
			runOnlyForDeploymentPostprocessing = 0;
			shellPath = /bin/sh;
			shellScript = "\"${PODS_ROOT}/Target Support Files/Pods-TheMovieDBChallenge-TheMovieDBChallengeUITests/Pods-TheMovieDBChallenge-TheMovieDBChallengeUITests-frameworks.sh\"\n";
			showEnvVarsInLog = 0;
		};
		9685F12D462E4753F95DBC4F /* [CP] Embed Pods Frameworks */ = {
			isa = PBXShellScriptBuildPhase;
			buildActionMask = 2147483647;
			files = (
			);
			inputFileListPaths = (
				"${PODS_ROOT}/Target Support Files/Pods-TheMovieDBChallenge/Pods-TheMovieDBChallenge-frameworks-${CONFIGURATION}-input-files.xcfilelist",
			);
			name = "[CP] Embed Pods Frameworks";
			outputFileListPaths = (
				"${PODS_ROOT}/Target Support Files/Pods-TheMovieDBChallenge/Pods-TheMovieDBChallenge-frameworks-${CONFIGURATION}-output-files.xcfilelist",
			);
			runOnlyForDeploymentPostprocessing = 0;
			shellPath = /bin/sh;
			shellScript = "\"${PODS_ROOT}/Target Support Files/Pods-TheMovieDBChallenge/Pods-TheMovieDBChallenge-frameworks.sh\"\n";
			showEnvVarsInLog = 0;
		};
		E158FC00887D12D991C0DBA9 /* [CP] Check Pods Manifest.lock */ = {
			isa = PBXShellScriptBuildPhase;
			buildActionMask = 2147483647;
			files = (
			);
			inputFileListPaths = (
			);
			inputPaths = (
				"${PODS_PODFILE_DIR_PATH}/Podfile.lock",
				"${PODS_ROOT}/Manifest.lock",
			);
			name = "[CP] Check Pods Manifest.lock";
			outputFileListPaths = (
			);
			outputPaths = (
				"$(DERIVED_FILE_DIR)/Pods-TheMovieDBChallengeTests-checkManifestLockResult.txt",
			);
			runOnlyForDeploymentPostprocessing = 0;
			shellPath = /bin/sh;
			shellScript = "diff \"${PODS_PODFILE_DIR_PATH}/Podfile.lock\" \"${PODS_ROOT}/Manifest.lock\" > /dev/null\nif [ $? != 0 ] ; then\n    # print error to STDERR\n    echo \"error: The sandbox is not in sync with the Podfile.lock. Run 'pod install' or update your CocoaPods installation.\" >&2\n    exit 1\nfi\n# This output is used by Xcode 'outputs' to avoid re-running this script phase.\necho \"SUCCESS\" > \"${SCRIPT_OUTPUT_FILE_0}\"\n";
			showEnvVarsInLog = 0;
		};
		FB2E8946D03F9D6F82598665 /* [CP] Check Pods Manifest.lock */ = {
			isa = PBXShellScriptBuildPhase;
			buildActionMask = 2147483647;
			files = (
			);
			inputFileListPaths = (
			);
			inputPaths = (
				"${PODS_PODFILE_DIR_PATH}/Podfile.lock",
				"${PODS_ROOT}/Manifest.lock",
			);
			name = "[CP] Check Pods Manifest.lock";
			outputFileListPaths = (
			);
			outputPaths = (
				"$(DERIVED_FILE_DIR)/Pods-TheMovieDBChallenge-TheMovieDBChallengeUITests-checkManifestLockResult.txt",
			);
			runOnlyForDeploymentPostprocessing = 0;
			shellPath = /bin/sh;
			shellScript = "diff \"${PODS_PODFILE_DIR_PATH}/Podfile.lock\" \"${PODS_ROOT}/Manifest.lock\" > /dev/null\nif [ $? != 0 ] ; then\n    # print error to STDERR\n    echo \"error: The sandbox is not in sync with the Podfile.lock. Run 'pod install' or update your CocoaPods installation.\" >&2\n    exit 1\nfi\n# This output is used by Xcode 'outputs' to avoid re-running this script phase.\necho \"SUCCESS\" > \"${SCRIPT_OUTPUT_FILE_0}\"\n";
			showEnvVarsInLog = 0;
		};
		FD9290AC7BDF87A36F4EDAD8 /* [CP] Check Pods Manifest.lock */ = {
			isa = PBXShellScriptBuildPhase;
			buildActionMask = 2147483647;
			files = (
			);
			inputFileListPaths = (
			);
			inputPaths = (
				"${PODS_PODFILE_DIR_PATH}/Podfile.lock",
				"${PODS_ROOT}/Manifest.lock",
			);
			name = "[CP] Check Pods Manifest.lock";
			outputFileListPaths = (
			);
			outputPaths = (
				"$(DERIVED_FILE_DIR)/Pods-TheMovieDBChallenge-checkManifestLockResult.txt",
			);
			runOnlyForDeploymentPostprocessing = 0;
			shellPath = /bin/sh;
			shellScript = "diff \"${PODS_PODFILE_DIR_PATH}/Podfile.lock\" \"${PODS_ROOT}/Manifest.lock\" > /dev/null\nif [ $? != 0 ] ; then\n    # print error to STDERR\n    echo \"error: The sandbox is not in sync with the Podfile.lock. Run 'pod install' or update your CocoaPods installation.\" >&2\n    exit 1\nfi\n# This output is used by Xcode 'outputs' to avoid re-running this script phase.\necho \"SUCCESS\" > \"${SCRIPT_OUTPUT_FILE_0}\"\n";
			showEnvVarsInLog = 0;
		};
/* End PBXShellScriptBuildPhase section */

/* Begin PBXSourcesBuildPhase section */
		0AD2C03E29B78D9F007FB753 /* Sources */ = {
			isa = PBXSourcesBuildPhase;
			buildActionMask = 2147483647;
			files = (
				0AF8C12329B856DC006D6685 /* MovieDetailRouter.swift in Sources */,
				0AF8C11D29B856C0006D6685 /* MovieDetailInteractor.swift in Sources */,
				0A420E8429B7972200FB10A2 /* MovieLoginView.swift in Sources */,
				0A420E9129B7B67C00FB10A2 /* LoginRepository.swift in Sources */,
				0AD2C05029B78D9F007FB753 /* TheMovieDBChallenge.xcdatamodeld in Sources */,
				0A420E9F29B7E34A00FB10A2 /* MovieListEntity.swift in Sources */,
				0AF8C12129B856D3006D6685 /* MovieDetailEntity.swift in Sources */,
				0A420E9329B7B72400FB10A2 /* MovieLoginEntity.swift in Sources */,
				0A911A0E29B91B3200C0805B /* CoreDataRepository.swift in Sources */,
				0A911A0C29B9092600C0805B /* NetworkCheck.swift in Sources */,
				0A420E9829B7E2D600FB10A2 /* MovieListView.swift in Sources */,
				0AF8C11F29B856CC006D6685 /* MovieDetailPresenter.swift in Sources */,
				0A420E9529B7B83900FB10A2 /* Constants.swift in Sources */,
				0A420E9B29B7E32C00FB10A2 /* MovieListInteractor.swift in Sources */,
				0A420E9D29B7E33D00FB10A2 /* MovieListPresenter.swift in Sources */,
				0A420E8B29B7975700FB10A2 /* MovieLoginRouter.swift in Sources */,
				0AF8C12529B8D7D5006D6685 /* MovieRepository.swift in Sources */,
				0AD2C04629B78D9F007FB753 /* AppDelegate.swift in Sources */,
				0AF8C11A29B856A0006D6685 /* MovieDetailViewController.swift in Sources */,
				0A420E8929B7974B00FB10A2 /* MovieLoginPresenter.swift in Sources */,
				0A420EA629B7F68100FB10A2 /* Extension+ViewController.swift in Sources */,
				0A420EA129B7E35400FB10A2 /* MovieListRouter.swift in Sources */,
				0A420EA929B8433600FB10A2 /* MovieListTableViewCell.swift in Sources */,
				0A420E8729B7973500FB10A2 /* MovieLoginInteractor.swift in Sources */,
			);
			runOnlyForDeploymentPostprocessing = 0;
		};
		0AD2C05729B78DA0007FB753 /* Sources */ = {
			isa = PBXSourcesBuildPhase;
			buildActionMask = 2147483647;
			files = (
				0AD2C06029B78DA0007FB753 /* TheMovieDBChallengeTests.swift in Sources */,
			);
			runOnlyForDeploymentPostprocessing = 0;
		};
		0AD2C06129B78DA0007FB753 /* Sources */ = {
			isa = PBXSourcesBuildPhase;
			buildActionMask = 2147483647;
			files = (
				0AD2C06A29B78DA0007FB753 /* TheMovieDBChallengeUITests.swift in Sources */,
				0AD2C06C29B78DA0007FB753 /* TheMovieDBChallengeUITestsLaunchTests.swift in Sources */,
			);
			runOnlyForDeploymentPostprocessing = 0;
		};
/* End PBXSourcesBuildPhase section */

/* Begin PBXTargetDependency section */
		0AD2C05D29B78DA0007FB753 /* PBXTargetDependency */ = {
			isa = PBXTargetDependency;
			target = 0AD2C04129B78D9F007FB753 /* TheMovieDBChallenge */;
			targetProxy = 0AD2C05C29B78DA0007FB753 /* PBXContainerItemProxy */;
		};
		0AD2C06729B78DA0007FB753 /* PBXTargetDependency */ = {
			isa = PBXTargetDependency;
			target = 0AD2C04129B78D9F007FB753 /* TheMovieDBChallenge */;
			targetProxy = 0AD2C06629B78DA0007FB753 /* PBXContainerItemProxy */;
		};
/* End PBXTargetDependency section */

/* Begin PBXVariantGroup section */
		0AD2C05329B78DA0007FB753 /* LaunchScreen.storyboard */ = {
			isa = PBXVariantGroup;
			children = (
				0AD2C05429B78DA0007FB753 /* Base */,
			);
			name = LaunchScreen.storyboard;
			sourceTree = "<group>";
		};
/* End PBXVariantGroup section */

/* Begin XCBuildConfiguration section */
		0AD2C06D29B78DA0007FB753 /* Debug */ = {
			isa = XCBuildConfiguration;
			buildSettings = {
				ALWAYS_SEARCH_USER_PATHS = NO;
				CLANG_ANALYZER_NONNULL = YES;
				CLANG_ANALYZER_NUMBER_OBJECT_CONVERSION = YES_AGGRESSIVE;
				CLANG_CXX_LANGUAGE_STANDARD = "gnu++20";
				CLANG_ENABLE_MODULES = YES;
				CLANG_ENABLE_OBJC_ARC = YES;
				CLANG_ENABLE_OBJC_WEAK = YES;
				CLANG_WARN_BLOCK_CAPTURE_AUTORELEASING = YES;
				CLANG_WARN_BOOL_CONVERSION = YES;
				CLANG_WARN_COMMA = YES;
				CLANG_WARN_CONSTANT_CONVERSION = YES;
				CLANG_WARN_DEPRECATED_OBJC_IMPLEMENTATIONS = YES;
				CLANG_WARN_DIRECT_OBJC_ISA_USAGE = YES_ERROR;
				CLANG_WARN_DOCUMENTATION_COMMENTS = YES;
				CLANG_WARN_EMPTY_BODY = YES;
				CLANG_WARN_ENUM_CONVERSION = YES;
				CLANG_WARN_INFINITE_RECURSION = YES;
				CLANG_WARN_INT_CONVERSION = YES;
				CLANG_WARN_NON_LITERAL_NULL_CONVERSION = YES;
				CLANG_WARN_OBJC_IMPLICIT_RETAIN_SELF = YES;
				CLANG_WARN_OBJC_LITERAL_CONVERSION = YES;
				CLANG_WARN_OBJC_ROOT_CLASS = YES_ERROR;
				CLANG_WARN_QUOTED_INCLUDE_IN_FRAMEWORK_HEADER = YES;
				CLANG_WARN_RANGE_LOOP_ANALYSIS = YES;
				CLANG_WARN_STRICT_PROTOTYPES = YES;
				CLANG_WARN_SUSPICIOUS_MOVE = YES;
				CLANG_WARN_UNGUARDED_AVAILABILITY = YES_AGGRESSIVE;
				CLANG_WARN_UNREACHABLE_CODE = YES;
				CLANG_WARN__DUPLICATE_METHOD_MATCH = YES;
				COPY_PHASE_STRIP = NO;
				DEBUG_INFORMATION_FORMAT = dwarf;
				ENABLE_STRICT_OBJC_MSGSEND = YES;
				ENABLE_TESTABILITY = YES;
				GCC_C_LANGUAGE_STANDARD = gnu11;
				GCC_DYNAMIC_NO_PIC = NO;
				GCC_NO_COMMON_BLOCKS = YES;
				GCC_OPTIMIZATION_LEVEL = 0;
				GCC_PREPROCESSOR_DEFINITIONS = (
					"DEBUG=1",
					"$(inherited)",
				);
				GCC_WARN_64_TO_32_BIT_CONVERSION = YES;
				GCC_WARN_ABOUT_RETURN_TYPE = YES_ERROR;
				GCC_WARN_UNDECLARED_SELECTOR = YES;
				GCC_WARN_UNINITIALIZED_AUTOS = YES_AGGRESSIVE;
				GCC_WARN_UNUSED_FUNCTION = YES;
				GCC_WARN_UNUSED_VARIABLE = YES;
				IPHONEOS_DEPLOYMENT_TARGET = 16.1;
				MTL_ENABLE_DEBUG_INFO = INCLUDE_SOURCE;
				MTL_FAST_MATH = YES;
				ONLY_ACTIVE_ARCH = YES;
				SDKROOT = iphoneos;
				SWIFT_ACTIVE_COMPILATION_CONDITIONS = DEBUG;
				SWIFT_OPTIMIZATION_LEVEL = "-Onone";
			};
			name = Debug;
		};
		0AD2C06E29B78DA0007FB753 /* Release */ = {
			isa = XCBuildConfiguration;
			buildSettings = {
				ALWAYS_SEARCH_USER_PATHS = NO;
				CLANG_ANALYZER_NONNULL = YES;
				CLANG_ANALYZER_NUMBER_OBJECT_CONVERSION = YES_AGGRESSIVE;
				CLANG_CXX_LANGUAGE_STANDARD = "gnu++20";
				CLANG_ENABLE_MODULES = YES;
				CLANG_ENABLE_OBJC_ARC = YES;
				CLANG_ENABLE_OBJC_WEAK = YES;
				CLANG_WARN_BLOCK_CAPTURE_AUTORELEASING = YES;
				CLANG_WARN_BOOL_CONVERSION = YES;
				CLANG_WARN_COMMA = YES;
				CLANG_WARN_CONSTANT_CONVERSION = YES;
				CLANG_WARN_DEPRECATED_OBJC_IMPLEMENTATIONS = YES;
				CLANG_WARN_DIRECT_OBJC_ISA_USAGE = YES_ERROR;
				CLANG_WARN_DOCUMENTATION_COMMENTS = YES;
				CLANG_WARN_EMPTY_BODY = YES;
				CLANG_WARN_ENUM_CONVERSION = YES;
				CLANG_WARN_INFINITE_RECURSION = YES;
				CLANG_WARN_INT_CONVERSION = YES;
				CLANG_WARN_NON_LITERAL_NULL_CONVERSION = YES;
				CLANG_WARN_OBJC_IMPLICIT_RETAIN_SELF = YES;
				CLANG_WARN_OBJC_LITERAL_CONVERSION = YES;
				CLANG_WARN_OBJC_ROOT_CLASS = YES_ERROR;
				CLANG_WARN_QUOTED_INCLUDE_IN_FRAMEWORK_HEADER = YES;
				CLANG_WARN_RANGE_LOOP_ANALYSIS = YES;
				CLANG_WARN_STRICT_PROTOTYPES = YES;
				CLANG_WARN_SUSPICIOUS_MOVE = YES;
				CLANG_WARN_UNGUARDED_AVAILABILITY = YES_AGGRESSIVE;
				CLANG_WARN_UNREACHABLE_CODE = YES;
				CLANG_WARN__DUPLICATE_METHOD_MATCH = YES;
				COPY_PHASE_STRIP = NO;
				DEBUG_INFORMATION_FORMAT = "dwarf-with-dsym";
				ENABLE_NS_ASSERTIONS = NO;
				ENABLE_STRICT_OBJC_MSGSEND = YES;
				GCC_C_LANGUAGE_STANDARD = gnu11;
				GCC_NO_COMMON_BLOCKS = YES;
				GCC_WARN_64_TO_32_BIT_CONVERSION = YES;
				GCC_WARN_ABOUT_RETURN_TYPE = YES_ERROR;
				GCC_WARN_UNDECLARED_SELECTOR = YES;
				GCC_WARN_UNINITIALIZED_AUTOS = YES_AGGRESSIVE;
				GCC_WARN_UNUSED_FUNCTION = YES;
				GCC_WARN_UNUSED_VARIABLE = YES;
				IPHONEOS_DEPLOYMENT_TARGET = 16.1;
				MTL_ENABLE_DEBUG_INFO = NO;
				MTL_FAST_MATH = YES;
				SDKROOT = iphoneos;
				SWIFT_COMPILATION_MODE = wholemodule;
				SWIFT_OPTIMIZATION_LEVEL = "-O";
				VALIDATE_PRODUCT = YES;
			};
			name = Release;
		};
		0AD2C07029B78DA0007FB753 /* Debug */ = {
			isa = XCBuildConfiguration;
			baseConfigurationReference = 223E4A9D5CD396F4E081D3E2 /* Pods-TheMovieDBChallenge.debug.xcconfig */;
			buildSettings = {
				ASSETCATALOG_COMPILER_APPICON_NAME = AppIcon;
				ASSETCATALOG_COMPILER_GLOBAL_ACCENT_COLOR_NAME = AccentColor;
				CODE_SIGN_STYLE = Automatic;
				CURRENT_PROJECT_VERSION = 1;
				DEVELOPMENT_TEAM = E52U5SHEEA;
				GENERATE_INFOPLIST_FILE = YES;
				INFOPLIST_FILE = TheMovieDBChallenge/Info.plist;
				INFOPLIST_KEY_UIApplicationSupportsIndirectInputEvents = YES;
				INFOPLIST_KEY_UILaunchStoryboardName = LaunchScreen;
				INFOPLIST_KEY_UISupportedInterfaceOrientations_iPad = "UIInterfaceOrientationPortrait UIInterfaceOrientationPortraitUpsideDown UIInterfaceOrientationLandscapeLeft UIInterfaceOrientationLandscapeRight";
				INFOPLIST_KEY_UISupportedInterfaceOrientations_iPhone = "UIInterfaceOrientationPortrait UIInterfaceOrientationLandscapeLeft UIInterfaceOrientationLandscapeRight";
				LD_RUNPATH_SEARCH_PATHS = (
					"$(inherited)",
					"@executable_path/Frameworks",
				);
				MARKETING_VERSION = 1.0;
				PRODUCT_BUNDLE_IDENTIFIER = com.kcv.TheMovieDBChallenge;
				PRODUCT_NAME = "$(TARGET_NAME)";
				SWIFT_EMIT_LOC_STRINGS = YES;
				SWIFT_VERSION = 5.0;
				TARGETED_DEVICE_FAMILY = "1,2";
			};
			name = Debug;
		};
		0AD2C07129B78DA0007FB753 /* Release */ = {
			isa = XCBuildConfiguration;
			baseConfigurationReference = D70E7696B3D89AD2016CC07D /* Pods-TheMovieDBChallenge.release.xcconfig */;
			buildSettings = {
				ASSETCATALOG_COMPILER_APPICON_NAME = AppIcon;
				ASSETCATALOG_COMPILER_GLOBAL_ACCENT_COLOR_NAME = AccentColor;
				CODE_SIGN_STYLE = Automatic;
				CURRENT_PROJECT_VERSION = 1;
				DEVELOPMENT_TEAM = E52U5SHEEA;
				GENERATE_INFOPLIST_FILE = YES;
				INFOPLIST_FILE = TheMovieDBChallenge/Info.plist;
				INFOPLIST_KEY_UIApplicationSupportsIndirectInputEvents = YES;
				INFOPLIST_KEY_UILaunchStoryboardName = LaunchScreen;
				INFOPLIST_KEY_UISupportedInterfaceOrientations_iPad = "UIInterfaceOrientationPortrait UIInterfaceOrientationPortraitUpsideDown UIInterfaceOrientationLandscapeLeft UIInterfaceOrientationLandscapeRight";
				INFOPLIST_KEY_UISupportedInterfaceOrientations_iPhone = "UIInterfaceOrientationPortrait UIInterfaceOrientationLandscapeLeft UIInterfaceOrientationLandscapeRight";
				LD_RUNPATH_SEARCH_PATHS = (
					"$(inherited)",
					"@executable_path/Frameworks",
				);
				MARKETING_VERSION = 1.0;
				PRODUCT_BUNDLE_IDENTIFIER = com.kcv.TheMovieDBChallenge;
				PRODUCT_NAME = "$(TARGET_NAME)";
				SWIFT_EMIT_LOC_STRINGS = YES;
				SWIFT_VERSION = 5.0;
				TARGETED_DEVICE_FAMILY = "1,2";
			};
			name = Release;
		};
		0AD2C07329B78DA0007FB753 /* Debug */ = {
			isa = XCBuildConfiguration;
			baseConfigurationReference = 7AF2EA0A9634CA0A6183274E /* Pods-TheMovieDBChallengeTests.debug.xcconfig */;
			buildSettings = {
				ALWAYS_EMBED_SWIFT_STANDARD_LIBRARIES = YES;
				BUNDLE_LOADER = "$(TEST_HOST)";
				CODE_SIGN_STYLE = Automatic;
				CURRENT_PROJECT_VERSION = 1;
				DEVELOPMENT_TEAM = E52U5SHEEA;
				GENERATE_INFOPLIST_FILE = YES;
				IPHONEOS_DEPLOYMENT_TARGET = 16.1;
				MARKETING_VERSION = 1.0;
				PRODUCT_BUNDLE_IDENTIFIER = com.kcv.TheMovieDBChallengeTests;
				PRODUCT_NAME = "$(TARGET_NAME)";
				SWIFT_EMIT_LOC_STRINGS = NO;
				SWIFT_VERSION = 5.0;
				TARGETED_DEVICE_FAMILY = "1,2";
				TEST_HOST = "$(BUILT_PRODUCTS_DIR)/TheMovieDBChallenge.app/$(BUNDLE_EXECUTABLE_FOLDER_PATH)/TheMovieDBChallenge";
			};
			name = Debug;
		};
		0AD2C07429B78DA0007FB753 /* Release */ = {
			isa = XCBuildConfiguration;
			baseConfigurationReference = 62E0A237E4AF7BF9E011DFA6 /* Pods-TheMovieDBChallengeTests.release.xcconfig */;
			buildSettings = {
				ALWAYS_EMBED_SWIFT_STANDARD_LIBRARIES = YES;
				BUNDLE_LOADER = "$(TEST_HOST)";
				CODE_SIGN_STYLE = Automatic;
				CURRENT_PROJECT_VERSION = 1;
				DEVELOPMENT_TEAM = E52U5SHEEA;
				GENERATE_INFOPLIST_FILE = YES;
				IPHONEOS_DEPLOYMENT_TARGET = 16.1;
				MARKETING_VERSION = 1.0;
				PRODUCT_BUNDLE_IDENTIFIER = com.kcv.TheMovieDBChallengeTests;
				PRODUCT_NAME = "$(TARGET_NAME)";
				SWIFT_EMIT_LOC_STRINGS = NO;
				SWIFT_VERSION = 5.0;
				TARGETED_DEVICE_FAMILY = "1,2";
				TEST_HOST = "$(BUILT_PRODUCTS_DIR)/TheMovieDBChallenge.app/$(BUNDLE_EXECUTABLE_FOLDER_PATH)/TheMovieDBChallenge";
			};
			name = Release;
		};
		0AD2C07629B78DA0007FB753 /* Debug */ = {
			isa = XCBuildConfiguration;
			baseConfigurationReference = E2840283D0A407C6D74D5182 /* Pods-TheMovieDBChallenge-TheMovieDBChallengeUITests.debug.xcconfig */;
			buildSettings = {
				ALWAYS_EMBED_SWIFT_STANDARD_LIBRARIES = YES;
				CODE_SIGN_STYLE = Automatic;
				CURRENT_PROJECT_VERSION = 1;
				DEVELOPMENT_TEAM = E52U5SHEEA;
				GENERATE_INFOPLIST_FILE = YES;
				MARKETING_VERSION = 1.0;
				PRODUCT_BUNDLE_IDENTIFIER = com.kcv.TheMovieDBChallengeUITests;
				PRODUCT_NAME = "$(TARGET_NAME)";
				SWIFT_EMIT_LOC_STRINGS = NO;
				SWIFT_VERSION = 5.0;
				TARGETED_DEVICE_FAMILY = "1,2";
				TEST_TARGET_NAME = TheMovieDBChallenge;
			};
			name = Debug;
		};
		0AD2C07729B78DA0007FB753 /* Release */ = {
			isa = XCBuildConfiguration;
			baseConfigurationReference = 89ECAD67C3EDA5B1AC9C6D3A /* Pods-TheMovieDBChallenge-TheMovieDBChallengeUITests.release.xcconfig */;
			buildSettings = {
				ALWAYS_EMBED_SWIFT_STANDARD_LIBRARIES = YES;
				CODE_SIGN_STYLE = Automatic;
				CURRENT_PROJECT_VERSION = 1;
				DEVELOPMENT_TEAM = E52U5SHEEA;
				GENERATE_INFOPLIST_FILE = YES;
				MARKETING_VERSION = 1.0;
				PRODUCT_BUNDLE_IDENTIFIER = com.kcv.TheMovieDBChallengeUITests;
				PRODUCT_NAME = "$(TARGET_NAME)";
				SWIFT_EMIT_LOC_STRINGS = NO;
				SWIFT_VERSION = 5.0;
				TARGETED_DEVICE_FAMILY = "1,2";
				TEST_TARGET_NAME = TheMovieDBChallenge;
			};
			name = Release;
		};
/* End XCBuildConfiguration section */

/* Begin XCConfigurationList section */
		0AD2C03D29B78D9F007FB753 /* Build configuration list for PBXProject "TheMovieDBChallenge" */ = {
			isa = XCConfigurationList;
			buildConfigurations = (
				0AD2C06D29B78DA0007FB753 /* Debug */,
				0AD2C06E29B78DA0007FB753 /* Release */,
			);
			defaultConfigurationIsVisible = 0;
			defaultConfigurationName = Release;
		};
		0AD2C06F29B78DA0007FB753 /* Build configuration list for PBXNativeTarget "TheMovieDBChallenge" */ = {
			isa = XCConfigurationList;
			buildConfigurations = (
				0AD2C07029B78DA0007FB753 /* Debug */,
				0AD2C07129B78DA0007FB753 /* Release */,
			);
			defaultConfigurationIsVisible = 0;
			defaultConfigurationName = Release;
		};
		0AD2C07229B78DA0007FB753 /* Build configuration list for PBXNativeTarget "TheMovieDBChallengeTests" */ = {
			isa = XCConfigurationList;
			buildConfigurations = (
				0AD2C07329B78DA0007FB753 /* Debug */,
				0AD2C07429B78DA0007FB753 /* Release */,
			);
			defaultConfigurationIsVisible = 0;
			defaultConfigurationName = Release;
		};
		0AD2C07529B78DA0007FB753 /* Build configuration list for PBXNativeTarget "TheMovieDBChallengeUITests" */ = {
			isa = XCConfigurationList;
			buildConfigurations = (
				0AD2C07629B78DA0007FB753 /* Debug */,
				0AD2C07729B78DA0007FB753 /* Release */,
			);
			defaultConfigurationIsVisible = 0;
			defaultConfigurationName = Release;
		};
/* End XCConfigurationList section */

/* Begin XCVersionGroup section */
		0AD2C04E29B78D9F007FB753 /* TheMovieDBChallenge.xcdatamodeld */ = {
			isa = XCVersionGroup;
			children = (
				0AD2C04F29B78D9F007FB753 /* TheMovieDBChallenge.xcdatamodel */,
			);
			currentVersion = 0AD2C04F29B78D9F007FB753 /* TheMovieDBChallenge.xcdatamodel */;
			path = TheMovieDBChallenge.xcdatamodeld;
			sourceTree = "<group>";
			versionGroupType = wrapper.xcdatamodel;
		};
/* End XCVersionGroup section */
	};
	rootObject = 0AD2C03A29B78D9F007FB753 /* Project object */;
}
